
Microsoft Visual Studio Solution File, Format Version 12.00
# Visual Studio Version 17
VisualStudioVersion = 17.14.36310.24 d17.14
MinimumVisualStudioVersion = 10.0.40219.1
Project("{FAE04EC0-301F-11D3-BF4B-00C04F79EFBC}") = "Atividade-09", "Atividade-09\Atividade-09.csproj", "{F3F3AD40-7C9A-4850-88DF-D9A8340B2A90}"
EndProject
Global
	GlobalSection(SolutionConfigurationPlatforms) = preSolution
		Debug|Any CPU = Debug|Any CPU
		Release|Any CPU = Release|Any CPU
	EndGlobalSection
	GlobalSection(ProjectConfigurationPlatforms) = postSolution
		{F3F3AD40-7C9A-4850-88DF-D9A8340B2A90}.Debug|Any CPU.ActiveCfg = Debug|Any CPU
		{F3F3AD40-7C9A-4850-88DF-D9A8340B2A90}.Debug|Any CPU.Build.0 = Debug|Any CPU
		{F3F3AD40-7C9A-4850-88DF-D9A8340B2A90}.Release|Any CPU.ActiveCfg = Release|Any CPU
		{F3F3AD40-7C9A-4850-88DF-D9A8340B2A90}.Release|Any CPU.Build.0 = Release|Any CPU
	EndGlobalSection
	GlobalSection(SolutionProperties) = preSolution
		HideSolutionNode = FALSE
	EndGlobalSection
	GlobalSection(ExtensibilityGlobals) = postSolution
		SolutionGuid = {943E3D47-56BF-46B5-ABEE-A00EC14A9C74}
	EndGlobalSection
EndGlobal
