
Microsoft Visual Studio Solution File, Format Version 12.00
# Visual Studio Version 17
VisualStudioVersion = 17.14.36310.24 d17.14
MinimumVisualStudioVersion = 10.0.40219.1
Project("{FAE04EC0-301F-11D3-BF4B-00C04F79EFBC}") = "Atividade - 15(for-while)", "Atividade - 15(for-while)\Atividade - 15(for-while).csproj", "{F9EF29D8-F8C7-4302-AA3F-F89114FE3105}"
EndProject
Global
	GlobalSection(SolutionConfigurationPlatforms) = preSolution
		Debug|Any CPU = Debug|Any CPU
		Release|Any CPU = Release|Any CPU
	EndGlobalSection
	GlobalSection(ProjectConfigurationPlatforms) = postSolution
		{F9EF29D8-F8C7-4302-AA3F-F89114FE3105}.Debug|Any CPU.ActiveCfg = Debug|Any CPU
		{F9EF29D8-F8C7-4302-AA3F-F89114FE3105}.Debug|Any CPU.Build.0 = Debug|Any CPU
		{F9EF29D8-F8C7-4302-AA3F-F89114FE3105}.Release|Any CPU.ActiveCfg = Release|Any CPU
		{F9EF29D8-F8C7-4302-AA3F-F89114FE3105}.Release|Any CPU.Build.0 = Release|Any CPU
	EndGlobalSection
	GlobalSection(SolutionProperties) = preSolution
		HideSolutionNode = FALSE
	EndGlobalSection
	GlobalSection(ExtensibilityGlobals) = postSolution
		SolutionGuid = {B9C2760A-CFD8-4337-B602-AA94126280CE}
	EndGlobalSection
EndGlobal
