
Microsoft Visual Studio Solution File, Format Version 12.00
# Visual Studio Version 17
VisualStudioVersion = 17.14.36310.24 d17.14
MinimumVisualStudioVersion = 10.0.40219.1
Project("{FAE04EC0-301F-11D3-BF4B-00C04F79EFBC}") = "Atividade - Extra 1", "Atividade - Extra 1\Atividade - Extra 1.csproj", "{B808BBF6-97AC-4562-A67C-F79C2D124D63}"
EndProject
Global
	GlobalSection(SolutionConfigurationPlatforms) = preSolution
		Debug|Any CPU = Debug|Any CPU
		Release|Any CPU = Release|Any CPU
	EndGlobalSection
	GlobalSection(ProjectConfigurationPlatforms) = postSolution
		{B808BBF6-97AC-4562-A67C-F79C2D124D63}.Debug|Any CPU.ActiveCfg = Debug|Any CPU
		{B808BBF6-97AC-4562-A67C-F79C2D124D63}.Debug|Any CPU.Build.0 = Debug|Any CPU
		{B808BBF6-97AC-4562-A67C-F79C2D124D63}.Release|Any CPU.ActiveCfg = Release|Any CPU
		{B808BBF6-97AC-4562-A67C-F79C2D124D63}.Release|Any CPU.Build.0 = Release|Any CPU
	EndGlobalSection
	GlobalSection(SolutionProperties) = preSolution
		HideSolutionNode = FALSE
	EndGlobalSection
	GlobalSection(ExtensibilityGlobals) = postSolution
		SolutionGuid = {5CD7AEE3-AE27-4A33-BD41-53654D7F586B}
	EndGlobalSection
EndGlobal
