
Microsoft Visual Studio Solution File, Format Version 12.00
# Visual Studio Version 17
VisualStudioVersion = 17.14.36310.24 d17.14
MinimumVisualStudioVersion = 10.0.40219.1
Project("{FAE04EC0-301F-11D3-BF4B-00C04F79EFBC}") = "Atividade - Extra 3", "Atividade - Extra 3\Atividade - Extra 3.csproj", "{93B4DFB6-35BC-4DD9-ACDD-43BCD50DE75F}"
EndProject
Global
	GlobalSection(SolutionConfigurationPlatforms) = preSolution
		Debug|Any CPU = Debug|Any CPU
		Release|Any CPU = Release|Any CPU
	EndGlobalSection
	GlobalSection(ProjectConfigurationPlatforms) = postSolution
		{93B4DFB6-35BC-4DD9-ACDD-43BCD50DE75F}.Debug|Any CPU.ActiveCfg = Debug|Any CPU
		{93B4DFB6-35BC-4DD9-ACDD-43BCD50DE75F}.Debug|Any CPU.Build.0 = Debug|Any CPU
		{93B4DFB6-35BC-4DD9-ACDD-43BCD50DE75F}.Release|Any CPU.ActiveCfg = Release|Any CPU
		{93B4DFB6-35BC-4DD9-ACDD-43BCD50DE75F}.Release|Any CPU.Build.0 = Release|Any CPU
	EndGlobalSection
	GlobalSection(SolutionProperties) = preSolution
		HideSolutionNode = FALSE
	EndGlobalSection
	GlobalSection(ExtensibilityGlobals) = postSolution
		SolutionGuid = {CF1B55E5-523D-4A38-8B60-80B894A027D1}
	EndGlobalSection
EndGlobal
